
Microsoft Visual Studio Solution File, Format Version 12.00
# Visual Studio Version 16
VisualStudioVersion = 16.0.30517.126
MinimumVisualStudioVersion = 10.0.40219.1
Project("{FAE04EC0-301F-11D3-BF4B-00C04F79EFBC}") = "PersonalityTest", "PersonalityTest\PersonalityTest.csproj", "{29562ADB-FEA0-4539-BBDF-286C6E8B62FB}"
EndProject
Project("{FAE04EC0-301F-11D3-BF4B-00C04F79EFBC}") = "PesonalityTestSwitch", "PesonalityTestSwitch\PesonalityTestSwitch.csproj", "{B492711F-8F0B-424E-8877-BF8D0D71FFC4}"
EndProject
Global
	GlobalSection(SolutionConfigurationPlatforms) = preSolution
		Debug|Any CPU = Debug|Any CPU
		Release|Any CPU = Release|Any CPU
	EndGlobalSection
	GlobalSection(ProjectConfigurationPlatforms) = postSolution
		{29562ADB-FEA0-4539-BBDF-286C6E8B62FB}.Debug|Any CPU.ActiveCfg = Debug|Any CPU
		{29562ADB-FEA0-4539-BBDF-286C6E8B62FB}.Debug|Any CPU.Build.0 = Debug|Any CPU
		{29562ADB-FEA0-4539-BBDF-286C6E8B62FB}.Release|Any CPU.ActiveCfg = Release|Any CPU
		{29562ADB-FEA0-4539-BBDF-286C6E8B62FB}.Release|Any CPU.Build.0 = Release|Any CPU
		{B492711F-8F0B-424E-8877-BF8D0D71FFC4}.Debug|Any CPU.ActiveCfg = Debug|Any CPU
		{B492711F-8F0B-424E-8877-BF8D0D71FFC4}.Debug|Any CPU.Build.0 = Debug|Any CPU
		{B492711F-8F0B-424E-8877-BF8D0D71FFC4}.Release|Any CPU.ActiveCfg = Release|Any CPU
		{B492711F-8F0B-424E-8877-BF8D0D71FFC4}.Release|Any CPU.Build.0 = Release|Any CPU
	EndGlobalSection
	GlobalSection(SolutionProperties) = preSolution
		HideSolutionNode = FALSE
	EndGlobalSection
	GlobalSection(ExtensibilityGlobals) = postSolution
		SolutionGuid = {0C2C1828-05B5-4D27-A718-6A8F6D6D6F0D}
	EndGlobalSection
EndGlobal
